
Microsoft Visual Studio Solution File, Format Version 12.00
# Visual Studio Version 16
VisualStudioVersion = 16.0.28803.156
MinimumVisualStudioVersion = 10.0.40219.1
Project("{FAE04EC0-301F-11D3-BF4B-00C04F79EFBC}") = "TrafficWatch", "TrafficWatch\TrafficWatch.csproj", "{499A505B-CDF3-4220-9914-F09F3097454F}"
EndProject
Global
	GlobalSection(SolutionConfigurationPlatforms) = preSolution
		Debug|Any CPU = Debug|Any CPU
		Release|Any CPU = Release|Any CPU
	EndGlobalSection
	GlobalSection(ProjectConfigurationPlatforms) = postSolution
		{499A505B-CDF3-4220-9914-F09F3097454F}.Debug|Any CPU.ActiveCfg = Debug|Any CPU
		{499A505B-CDF3-4220-9914-F09F3097454F}.Debug|Any CPU.Build.0 = Debug|Any CPU
		{499A505B-CDF3-4220-9914-F09F3097454F}.Release|Any CPU.ActiveCfg = Release|Any CPU
		{499A505B-CDF3-4220-9914-F09F3097454F}.Release|Any CPU.Build.0 = Release|Any CPU
	EndGlobalSection
	GlobalSection(SolutionProperties) = preSolution
		HideSolutionNode = FALSE
	EndGlobalSection
	GlobalSection(ExtensibilityGlobals) = postSolution
		SolutionGuid = {DEC14950-A505-472C-92BF-A33538A2D7C1}
	EndGlobalSection
EndGlobal
