
Microsoft Visual Studio Solution File, Format Version 12.00
# Visual Studio Version 16
VisualStudioVersion = 16.0.28803.156
MinimumVisualStudioVersion = 10.0.40219.1
Project("{FAE04EC0-301F-11D3-BF4B-00C04F79EFBC}") = "TrafficWatch", "TrafficWatch\TrafficWatch.csproj", "{499A505B-CDF3-4220-9914-F09F3097454F}"
EndProject
Project("{FAE04EC0-301F-11D3-BF4B-00C04F79EFBC}") = "ServerTrafice", "ServerTrafice\ServerTrafice.csproj", "{E8287A91-F4C0-458D-B4CC-A6B5A6924D59}"
EndProject
Project("{FAE04EC0-301F-11D3-BF4B-00C04F79EFBC}") = "HttpServer", "HttpServer\HttpServer.csproj", "{5387C34A-E86A-4A25-8851-C306E3E5534A}"
EndProject
Project("{FAE04EC0-301F-11D3-BF4B-00C04F79EFBC}") = "VirtualDesktop", "VirtualDesktop\VirtualDesktop.csproj", "{AB848ECD-76AA-41C0-B63D-86A8591B25AA}"
EndProject
Project("{FAE04EC0-301F-11D3-BF4B-00C04F79EFBC}") = "VirtualDesktop.WPF", "VirtualDesktop.WPF\VirtualDesktop.WPF.csproj", "{9DD597C6-065A-4764-A96C-1B18C4EDED78}"
EndProject
Global
	GlobalSection(SolutionConfigurationPlatforms) = preSolution
		Debug|Any CPU = Debug|Any CPU
		Debug|x64 = Debug|x64
		Debug|x86 = Debug|x86
		Release|Any CPU = Release|Any CPU
		Release|x64 = Release|x64
		Release|x86 = Release|x86
	EndGlobalSection
	GlobalSection(ProjectConfigurationPlatforms) = postSolution
		{499A505B-CDF3-4220-9914-F09F3097454F}.Debug|Any CPU.ActiveCfg = Debug|Any CPU
		{499A505B-CDF3-4220-9914-F09F3097454F}.Debug|Any CPU.Build.0 = Debug|Any CPU
		{499A505B-CDF3-4220-9914-F09F3097454F}.Debug|x64.ActiveCfg = Debug|Any CPU
		{499A505B-CDF3-4220-9914-F09F3097454F}.Debug|x64.Build.0 = Debug|Any CPU
		{499A505B-CDF3-4220-9914-F09F3097454F}.Debug|x86.ActiveCfg = Debug|Any CPU
		{499A505B-CDF3-4220-9914-F09F3097454F}.Debug|x86.Build.0 = Debug|Any CPU
		{499A505B-CDF3-4220-9914-F09F3097454F}.Release|Any CPU.ActiveCfg = Release|Any CPU
		{499A505B-CDF3-4220-9914-F09F3097454F}.Release|Any CPU.Build.0 = Release|Any CPU
		{499A505B-CDF3-4220-9914-F09F3097454F}.Release|x64.ActiveCfg = Release|Any CPU
		{499A505B-CDF3-4220-9914-F09F3097454F}.Release|x64.Build.0 = Release|Any CPU
		{499A505B-CDF3-4220-9914-F09F3097454F}.Release|x86.ActiveCfg = Release|Any CPU
		{499A505B-CDF3-4220-9914-F09F3097454F}.Release|x86.Build.0 = Release|Any CPU
		{E8287A91-F4C0-458D-B4CC-A6B5A6924D59}.Debug|Any CPU.ActiveCfg = Debug|Any CPU
		{E8287A91-F4C0-458D-B4CC-A6B5A6924D59}.Debug|Any CPU.Build.0 = Debug|Any CPU
		{E8287A91-F4C0-458D-B4CC-A6B5A6924D59}.Debug|x64.ActiveCfg = Debug|Any CPU
		{E8287A91-F4C0-458D-B4CC-A6B5A6924D59}.Debug|x64.Build.0 = Debug|Any CPU
		{E8287A91-F4C0-458D-B4CC-A6B5A6924D59}.Debug|x86.ActiveCfg = Debug|Any CPU
		{E8287A91-F4C0-458D-B4CC-A6B5A6924D59}.Debug|x86.Build.0 = Debug|Any CPU
		{E8287A91-F4C0-458D-B4CC-A6B5A6924D59}.Release|Any CPU.ActiveCfg = Release|Any CPU
		{E8287A91-F4C0-458D-B4CC-A6B5A6924D59}.Release|Any CPU.Build.0 = Release|Any CPU
		{E8287A91-F4C0-458D-B4CC-A6B5A6924D59}.Release|x64.ActiveCfg = Release|Any CPU
		{E8287A91-F4C0-458D-B4CC-A6B5A6924D59}.Release|x64.Build.0 = Release|Any CPU
		{E8287A91-F4C0-458D-B4CC-A6B5A6924D59}.Release|x86.ActiveCfg = Release|Any CPU
		{E8287A91-F4C0-458D-B4CC-A6B5A6924D59}.Release|x86.Build.0 = Release|Any CPU
		{5387C34A-E86A-4A25-8851-C306E3E5534A}.Debug|Any CPU.ActiveCfg = Debug|Any CPU
		{5387C34A-E86A-4A25-8851-C306E3E5534A}.Debug|Any CPU.Build.0 = Debug|Any CPU
		{5387C34A-E86A-4A25-8851-C306E3E5534A}.Debug|x64.ActiveCfg = Debug|Any CPU
		{5387C34A-E86A-4A25-8851-C306E3E5534A}.Debug|x64.Build.0 = Debug|Any CPU
		{5387C34A-E86A-4A25-8851-C306E3E5534A}.Debug|x86.ActiveCfg = Debug|Any CPU
		{5387C34A-E86A-4A25-8851-C306E3E5534A}.Debug|x86.Build.0 = Debug|Any CPU
		{5387C34A-E86A-4A25-8851-C306E3E5534A}.Release|Any CPU.ActiveCfg = Release|Any CPU
		{5387C34A-E86A-4A25-8851-C306E3E5534A}.Release|Any CPU.Build.0 = Release|Any CPU
		{5387C34A-E86A-4A25-8851-C306E3E5534A}.Release|x64.ActiveCfg = Release|Any CPU
		{5387C34A-E86A-4A25-8851-C306E3E5534A}.Release|x64.Build.0 = Release|Any CPU
		{5387C34A-E86A-4A25-8851-C306E3E5534A}.Release|x86.ActiveCfg = Release|Any CPU
		{5387C34A-E86A-4A25-8851-C306E3E5534A}.Release|x86.Build.0 = Release|Any CPU
		{AB848ECD-76AA-41C0-B63D-86A8591B25AA}.Debug|Any CPU.ActiveCfg = Debug|Any CPU
		{AB848ECD-76AA-41C0-B63D-86A8591B25AA}.Debug|Any CPU.Build.0 = Debug|Any CPU
		{AB848ECD-76AA-41C0-B63D-86A8591B25AA}.Debug|x64.ActiveCfg = Debug|x64
		{AB848ECD-76AA-41C0-B63D-86A8591B25AA}.Debug|x64.Build.0 = Debug|x64
		{AB848ECD-76AA-41C0-B63D-86A8591B25AA}.Debug|x86.ActiveCfg = Debug|x86
		{AB848ECD-76AA-41C0-B63D-86A8591B25AA}.Debug|x86.Build.0 = Debug|x86
		{AB848ECD-76AA-41C0-B63D-86A8591B25AA}.Release|Any CPU.ActiveCfg = Release|Any CPU
		{AB848ECD-76AA-41C0-B63D-86A8591B25AA}.Release|Any CPU.Build.0 = Release|Any CPU
		{AB848ECD-76AA-41C0-B63D-86A8591B25AA}.Release|x64.ActiveCfg = Release|x64
		{AB848ECD-76AA-41C0-B63D-86A8591B25AA}.Release|x64.Build.0 = Release|x64
		{AB848ECD-76AA-41C0-B63D-86A8591B25AA}.Release|x86.ActiveCfg = Release|x86
		{AB848ECD-76AA-41C0-B63D-86A8591B25AA}.Release|x86.Build.0 = Release|x86
		{9DD597C6-065A-4764-A96C-1B18C4EDED78}.Debug|Any CPU.ActiveCfg = Debug|Any CPU
		{9DD597C6-065A-4764-A96C-1B18C4EDED78}.Debug|Any CPU.Build.0 = Debug|Any CPU
		{9DD597C6-065A-4764-A96C-1B18C4EDED78}.Debug|x64.ActiveCfg = Debug|x64
		{9DD597C6-065A-4764-A96C-1B18C4EDED78}.Debug|x64.Build.0 = Debug|x64
		{9DD597C6-065A-4764-A96C-1B18C4EDED78}.Debug|x86.ActiveCfg = Debug|x86
		{9DD597C6-065A-4764-A96C-1B18C4EDED78}.Debug|x86.Build.0 = Debug|x86
		{9DD597C6-065A-4764-A96C-1B18C4EDED78}.Release|Any CPU.ActiveCfg = Release|Any CPU
		{9DD597C6-065A-4764-A96C-1B18C4EDED78}.Release|Any CPU.Build.0 = Release|Any CPU
		{9DD597C6-065A-4764-A96C-1B18C4EDED78}.Release|x64.ActiveCfg = Release|x64
		{9DD597C6-065A-4764-A96C-1B18C4EDED78}.Release|x64.Build.0 = Release|x64
		{9DD597C6-065A-4764-A96C-1B18C4EDED78}.Release|x86.ActiveCfg = Release|x86
		{9DD597C6-065A-4764-A96C-1B18C4EDED78}.Release|x86.Build.0 = Release|x86
	EndGlobalSection
	GlobalSection(SolutionProperties) = preSolution
		HideSolutionNode = FALSE
	EndGlobalSection
	GlobalSection(ExtensibilityGlobals) = postSolution
		SolutionGuid = {DEC14950-A505-472C-92BF-A33538A2D7C1}
	EndGlobalSection
EndGlobal
